// !$*UTF8*$!
{
	archiveVersion = 1;
	classes = {
	};
	objectVersion = 50;
	objects = {

/* Begin PBXBuildFile section */
		5238045B2758328400E73822 /* thermal_sublattice.cpp in Sources */ = {isa = PBXBuildFile; fileRef = 523804592758328400E73822 /* thermal_sublattice.cpp */; };
		5238045E275832A900E73822 /* thermal_bias_sim_full.cpp in Sources */ = {isa = PBXBuildFile; fileRef = 5238045C275832A900E73822 /* thermal_bias_sim_full.cpp */; };
		5277B16627824B4000EED4FE /* clustering_helper_naive.cpp in Sources */ = {isa = PBXBuildFile; fileRef = 5277B16427824B3D00EED4FE /* clustering_helper_naive.cpp */; };
		5277B1692784ED6000EED4FE /* exact_decoder.cpp in Sources */ = {isa = PBXBuildFile; fileRef = 5277B1672784ED5A00EED4FE /* exact_decoder.cpp */; };
		5277B16C2784ED7700EED4FE /* sierpinski_sublattice.cpp in Sources */ = {isa = PBXBuildFile; fileRef = 5277B16A2784ED7100EED4FE /* sierpinski_sublattice.cpp */; };
		5277B16F2784EDDE00EED4FE /* gaussian_elimination.cpp in Sources */ = {isa = PBXBuildFile; fileRef = 5277B16D2784EDD800EED4FE /* gaussian_elimination.cpp */; };
		FC4970EB26CB063A000724A3 /* bias_correction_helper.cpp in Sources */ = {isa = PBXBuildFile; fileRef = FC4970E926CB063A000724A3 /* bias_correction_helper.cpp */; };
		FC4970EF26D2E0AF000724A3 /* random_discrete_array.cpp in Sources */ = {isa = PBXBuildFile; fileRef = FC4970ED26D2E0AF000724A3 /* random_discrete_array.cpp */; };
		FC4970F326D318F9000724A3 /* thermal_bias_sim.cpp in Sources */ = {isa = PBXBuildFile; fileRef = FC4970F126D318F9000724A3 /* thermal_bias_sim.cpp */; };
		FC627FA127289E5A00DC6430 /* random_ca_sim.cpp in Sources */ = {isa = PBXBuildFile; fileRef = FC627F9F27289E5A00DC6430 /* random_ca_sim.cpp */; };
		FC627FA62730895D00DC6430 /* thermal_finite_sim.cpp in Sources */ = {isa = PBXBuildFile; fileRef = FC627FA42730895D00DC6430 /* thermal_finite_sim.cpp */; };
		FC627FAA2730A6C800DC6430 /* thermal_finite_stabilizers.cpp in Sources */ = {isa = PBXBuildFile; fileRef = FC627FA82730A6C800DC6430 /* thermal_finite_stabilizers.cpp */; };
		FC81C4AF26C6EA1C00701D8E /* threshold_sim.cpp in Sources */ = {isa = PBXBuildFile; fileRef = FC81C4AD26C6EA1C00701D8E /* threshold_sim.cpp */; };
		FCDBEB5626BB334400C5A695 /* clustering_helper.cpp in Sources */ = {isa = PBXBuildFile; fileRef = FCDBEB5426BB334400C5A695 /* clustering_helper.cpp */; };
		FCDEDF0326D99B6400FD1764 /* ca_sim.cpp in Sources */ = {isa = PBXBuildFile; fileRef = FCDEDF0126D99B6400FD1764 /* ca_sim.cpp */; };
		FCF6370E26BB12670021EFB9 /* main.cpp in Sources */ = {isa = PBXBuildFile; fileRef = FCF6370D26BB12670021EFB9 /* main.cpp */; };
		FCF6371726BB13A30021EFB9 /* cluster_decoder.cpp in Sources */ = {isa = PBXBuildFile; fileRef = FCF6371526BB13A30021EFB9 /* cluster_decoder.cpp */; };
		FCF6371C26BB14DA0021EFB9 /* stabilizer_lattice.cpp in Sources */ = {isa = PBXBuildFile; fileRef = FCF6371A26BB14DA0021EFB9 /* stabilizer_lattice.cpp */; };
/* End PBXBuildFile section */

/* Begin PBXCopyFilesBuildPhase section */
		FCF6370826BB12670021EFB9 /* CopyFiles */ = {
			isa = PBXCopyFilesBuildPhase;
			buildActionMask = 2147483647;
			dstPath = /usr/share/man/man1/;
			dstSubfolderSpec = 0;
			files = (
			);
			runOnlyForDeploymentPostprocessing = 1;
		};
/* End PBXCopyFilesBuildPhase section */

/* Begin PBXFileReference section */
		523804592758328400E73822 /* thermal_sublattice.cpp */ = {isa = PBXFileReference; lastKnownFileType = sourcecode.cpp.cpp; path = thermal_sublattice.cpp; sourceTree = "<group>"; };
		5238045A2758328400E73822 /* thermal_sublattice.hpp */ = {isa = PBXFileReference; lastKnownFileType = sourcecode.cpp.h; path = thermal_sublattice.hpp; sourceTree = "<group>"; };
		5238045C275832A900E73822 /* thermal_bias_sim_full.cpp */ = {isa = PBXFileReference; lastKnownFileType = sourcecode.cpp.cpp; path = thermal_bias_sim_full.cpp; sourceTree = "<group>"; };
		5238045D275832A900E73822 /* thermal_bias_sim_full.hpp */ = {isa = PBXFileReference; lastKnownFileType = sourcecode.cpp.h; path = thermal_bias_sim_full.hpp; sourceTree = "<group>"; };
		5277B16427824B3D00EED4FE /* clustering_helper_naive.cpp */ = {isa = PBXFileReference; lastKnownFileType = sourcecode.cpp.cpp; path = clustering_helper_naive.cpp; sourceTree = "<group>"; };
		5277B16527824B3D00EED4FE /* clustering_helper_naive.hpp */ = {isa = PBXFileReference; lastKnownFileType = sourcecode.cpp.h; path = clustering_helper_naive.hpp; sourceTree = "<group>"; };
		5277B1672784ED5A00EED4FE /* exact_decoder.cpp */ = {isa = PBXFileReference; lastKnownFileType = sourcecode.cpp.cpp; path = exact_decoder.cpp; sourceTree = "<group>"; };
		5277B1682784ED5A00EED4FE /* exact_decoder.hpp */ = {isa = PBXFileReference; lastKnownFileType = sourcecode.cpp.h; path = exact_decoder.hpp; sourceTree = "<group>"; };
		5277B16A2784ED7100EED4FE /* sierpinski_sublattice.cpp */ = {isa = PBXFileReference; lastKnownFileType = sourcecode.cpp.cpp; path = sierpinski_sublattice.cpp; sourceTree = "<group>"; };
		5277B16B2784ED7100EED4FE /* sierpinski_sublattice.hpp */ = {isa = PBXFileReference; lastKnownFileType = sourcecode.cpp.h; path = sierpinski_sublattice.hpp; sourceTree = "<group>"; };
		5277B16D2784EDD800EED4FE /* gaussian_elimination.cpp */ = {isa = PBXFileReference; lastKnownFileType = sourcecode.cpp.cpp; path = gaussian_elimination.cpp; sourceTree = "<group>"; };
		5277B16E2784EDD800EED4FE /* gaussian_elimination.hpp */ = {isa = PBXFileReference; lastKnownFileType = sourcecode.cpp.h; path = gaussian_elimination.hpp; sourceTree = "<group>"; };
		52788EF629624F3700639E1A /* citation.cff */ = {isa = PBXFileReference; lastKnownFileType = text; path = citation.cff; sourceTree = "<group>"; };
		FC4970E926CB063A000724A3 /* bias_correction_helper.cpp */ = {isa = PBXFileReference; lastKnownFileType = sourcecode.cpp.cpp; path = bias_correction_helper.cpp; sourceTree = "<group>"; };
		FC4970EA26CB063A000724A3 /* bias_correction_helper.hpp */ = {isa = PBXFileReference; lastKnownFileType = sourcecode.cpp.h; path = bias_correction_helper.hpp; sourceTree = "<group>"; };
		FC4970ED26D2E0AF000724A3 /* random_discrete_array.cpp */ = {isa = PBXFileReference; lastKnownFileType = sourcecode.cpp.cpp; path = random_discrete_array.cpp; sourceTree = "<group>"; };
		FC4970EE26D2E0AF000724A3 /* random_discrete_array.hpp */ = {isa = PBXFileReference; lastKnownFileType = sourcecode.cpp.h; path = random_discrete_array.hpp; sourceTree = "<group>"; };
		FC4970F126D318F9000724A3 /* thermal_bias_sim.cpp */ = {isa = PBXFileReference; lastKnownFileType = sourcecode.cpp.cpp; path = thermal_bias_sim.cpp; sourceTree = "<group>"; };
		FC4970F226D318F9000724A3 /* thermal_bias_sim.hpp */ = {isa = PBXFileReference; lastKnownFileType = sourcecode.cpp.h; path = thermal_bias_sim.hpp; sourceTree = "<group>"; };
		FC627F9F27289E5A00DC6430 /* random_ca_sim.cpp */ = {isa = PBXFileReference; lastKnownFileType = sourcecode.cpp.cpp; path = random_ca_sim.cpp; sourceTree = "<group>"; };
		FC627FA027289E5A00DC6430 /* random_ca_sim.hpp */ = {isa = PBXFileReference; lastKnownFileType = sourcecode.cpp.h; path = random_ca_sim.hpp; sourceTree = "<group>"; };
		FC627FA42730895D00DC6430 /* thermal_finite_sim.cpp */ = {isa = PBXFileReference; lastKnownFileType = sourcecode.cpp.cpp; path = thermal_finite_sim.cpp; sourceTree = "<group>"; };
		FC627FA52730895D00DC6430 /* thermal_finite_sim.hpp */ = {isa = PBXFileReference; lastKnownFileType = sourcecode.cpp.h; path = thermal_finite_sim.hpp; sourceTree = "<group>"; };
		FC627FA82730A6C800DC6430 /* thermal_finite_stabilizers.cpp */ = {isa = PBXFileReference; lastKnownFileType = sourcecode.cpp.cpp; path = thermal_finite_stabilizers.cpp; sourceTree = "<group>"; };
		FC627FA92730A6C800DC6430 /* thermal_finite_stabilizers.hpp */ = {isa = PBXFileReference; lastKnownFileType = sourcecode.cpp.h; path = thermal_finite_stabilizers.hpp; sourceTree = "<group>"; };
		FC81C4AD26C6EA1C00701D8E /* threshold_sim.cpp */ = {isa = PBXFileReference; lastKnownFileType = sourcecode.cpp.cpp; path = threshold_sim.cpp; sourceTree = "<group>"; };
		FC81C4AE26C6EA1C00701D8E /* threshold_sim.hpp */ = {isa = PBXFileReference; lastKnownFileType = sourcecode.cpp.h; path = threshold_sim.hpp; sourceTree = "<group>"; };
		FCDBEB5426BB334400C5A695 /* clustering_helper.cpp */ = {isa = PBXFileReference; lastKnownFileType = sourcecode.cpp.cpp; path = clustering_helper.cpp; sourceTree = "<group>"; };
		FCDBEB5526BB334400C5A695 /* clustering_helper.hpp */ = {isa = PBXFileReference; lastKnownFileType = sourcecode.cpp.h; path = clustering_helper.hpp; sourceTree = "<group>"; };
		FCDEDF0126D99B6400FD1764 /* ca_sim.cpp */ = {isa = PBXFileReference; lastKnownFileType = sourcecode.cpp.cpp; path = ca_sim.cpp; sourceTree = "<group>"; };
		FCDEDF0226D99B6400FD1764 /* ca_sim.hpp */ = {isa = PBXFileReference; lastKnownFileType = sourcecode.cpp.h; path = ca_sim.hpp; sourceTree = "<group>"; };
		FCDEDF0626E59EA700FD1764 /* README.md */ = {isa = PBXFileReference; lastKnownFileType = net.daringfireball.markdown; path = README.md; sourceTree = "<group>"; };
		FCF6370A26BB12670021EFB9 /* ClusterDecoders */ = {isa = PBXFileReference; explicitFileType = "compiled.mach-o.executable"; includeInIndex = 0; path = ClusterDecoders; sourceTree = BUILT_PRODUCTS_DIR; };
		FCF6370D26BB12670021EFB9 /* main.cpp */ = {isa = PBXFileReference; lastKnownFileType = sourcecode.cpp.cpp; path = main.cpp; sourceTree = "<group>"; };
		FCF6371526BB13A30021EFB9 /* cluster_decoder.cpp */ = {isa = PBXFileReference; lastKnownFileType = sourcecode.cpp.cpp; path = cluster_decoder.cpp; sourceTree = "<group>"; };
		FCF6371626BB13A30021EFB9 /* cluster_decoder.hpp */ = {isa = PBXFileReference; lastKnownFileType = sourcecode.cpp.h; path = cluster_decoder.hpp; sourceTree = "<group>"; };
		FCF6371926BB14000021EFB9 /* paulis.hpp */ = {isa = PBXFileReference; lastKnownFileType = sourcecode.cpp.h; path = paulis.hpp; sourceTree = "<group>"; };
		FCF6371A26BB14DA0021EFB9 /* stabilizer_lattice.cpp */ = {isa = PBXFileReference; lastKnownFileType = sourcecode.cpp.cpp; path = stabilizer_lattice.cpp; sourceTree = "<group>"; };
		FCF6371B26BB14DA0021EFB9 /* stabilizer_lattice.hpp */ = {isa = PBXFileReference; lastKnownFileType = sourcecode.cpp.h; path = stabilizer_lattice.hpp; sourceTree = "<group>"; };
/* End PBXFileReference section */

/* Begin PBXFrameworksBuildPhase section */
		FCF6370726BB12670021EFB9 /* Frameworks */ = {
			isa = PBXFrameworksBuildPhase;
			buildActionMask = 2147483647;
			files = (
			);
			runOnlyForDeploymentPostprocessing = 0;
		};
/* End PBXFrameworksBuildPhase section */

/* Begin PBXGroup section */
		522A06D52905BFD30044EE44 /* deprecated */ = {
			isa = PBXGroup;
			children = (
				FC627FA82730A6C800DC6430 /* thermal_finite_stabilizers.cpp */,
				FC627FA92730A6C800DC6430 /* thermal_finite_stabilizers.hpp */,
				FC627FA42730895D00DC6430 /* thermal_finite_sim.cpp */,
				FC627FA52730895D00DC6430 /* thermal_finite_sim.hpp */,
				FC627F9F27289E5A00DC6430 /* random_ca_sim.cpp */,
				FC627FA027289E5A00DC6430 /* random_ca_sim.hpp */,
				FCDEDF0126D99B6400FD1764 /* ca_sim.cpp */,
				FCDEDF0226D99B6400FD1764 /* ca_sim.hpp */,
				FC4970E926CB063A000724A3 /* bias_correction_helper.cpp */,
				FC4970EA26CB063A000724A3 /* bias_correction_helper.hpp */,
				FCDBEB5426BB334400C5A695 /* clustering_helper.cpp */,
				FCDBEB5526BB334400C5A695 /* clustering_helper.hpp */,
			);
			path = deprecated;
			sourceTree = "<group>";
		};
		FCF6370126BB12670021EFB9 = {
			isa = PBXGroup;
			children = (
				52788EF629624F3700639E1A /* citation.cff */,
				FCDEDF0626E59EA700FD1764 /* README.md */,
				FCF6370C26BB12670021EFB9 /* ClusterDecoders */,
				FCF6370B26BB12670021EFB9 /* Products */,
			);
			sourceTree = "<group>";
		};
		FCF6370B26BB12670021EFB9 /* Products */ = {
			isa = PBXGroup;
			children = (
				FCF6370A26BB12670021EFB9 /* ClusterDecoders */,
			);
			name = Products;
			sourceTree = "<group>";
		};
		FCF6370C26BB12670021EFB9 /* ClusterDecoders */ = {
			isa = PBXGroup;
			children = (
				FCF6370D26BB12670021EFB9 /* main.cpp */,
				522A06D52905BFD30044EE44 /* deprecated */,
				FCF6371926BB14000021EFB9 /* paulis.hpp */,
				523804592758328400E73822 /* thermal_sublattice.cpp */,
				5238045A2758328400E73822 /* thermal_sublattice.hpp */,
				5238045C275832A900E73822 /* thermal_bias_sim_full.cpp */,
				5238045D275832A900E73822 /* thermal_bias_sim_full.hpp */,
				FC4970F126D318F9000724A3 /* thermal_bias_sim.cpp */,
				FC4970F226D318F9000724A3 /* thermal_bias_sim.hpp */,
				FC4970ED26D2E0AF000724A3 /* random_discrete_array.cpp */,
				FC4970EE26D2E0AF000724A3 /* random_discrete_array.hpp */,
				FC81C4AD26C6EA1C00701D8E /* threshold_sim.cpp */,
				FC81C4AE26C6EA1C00701D8E /* threshold_sim.hpp */,
				FCF6371526BB13A30021EFB9 /* cluster_decoder.cpp */,
				FCF6371626BB13A30021EFB9 /* cluster_decoder.hpp */,
				FCF6371A26BB14DA0021EFB9 /* stabilizer_lattice.cpp */,
				FCF6371B26BB14DA0021EFB9 /* stabilizer_lattice.hpp */,
				5277B16427824B3D00EED4FE /* clustering_helper_naive.cpp */,
				5277B16527824B3D00EED4FE /* clustering_helper_naive.hpp */,
				5277B1672784ED5A00EED4FE /* exact_decoder.cpp */,
				5277B1682784ED5A00EED4FE /* exact_decoder.hpp */,
				5277B16A2784ED7100EED4FE /* sierpinski_sublattice.cpp */,
				5277B16B2784ED7100EED4FE /* sierpinski_sublattice.hpp */,
				5277B16D2784EDD800EED4FE /* gaussian_elimination.cpp */,
				5277B16E2784EDD800EED4FE /* gaussian_elimination.hpp */,
			);
			path = ClusterDecoders;
			sourceTree = "<group>";
		};
/* End PBXGroup section */

/* Begin PBXNativeTarget section */
		FCF6370926BB12670021EFB9 /* ClusterDecoders */ = {
			isa = PBXNativeTarget;
			buildConfigurationList = FCF6371126BB12670021EFB9 /* Build configuration list for PBXNativeTarget "ClusterDecoders" */;
			buildPhases = (
				FCF6370626BB12670021EFB9 /* Sources */,
				FCF6370726BB12670021EFB9 /* Frameworks */,
				FCF6370826BB12670021EFB9 /* CopyFiles */,
			);
			buildRules = (
			);
			dependencies = (
			);
			name = ClusterDecoders;
			productName = ClusterDecoders;
			productReference = FCF6370A26BB12670021EFB9 /* ClusterDecoders */;
			productType = "com.apple.product-type.tool";
		};
/* End PBXNativeTarget section */

/* Begin PBXProject section */
		FCF6370226BB12670021EFB9 /* Project object */ = {
			isa = PBXProject;
			attributes = {
				LastUpgradeCheck = 1240;
				TargetAttributes = {
					FCF6370926BB12670021EFB9 = {
						CreatedOnToolsVersion = 12.4;
					};
				};
			};
			buildConfigurationList = FCF6370526BB12670021EFB9 /* Build configuration list for PBXProject "ClusterDecoders" */;
			compatibilityVersion = "Xcode 9.3";
			developmentRegion = en;
			hasScannedForEncodings = 0;
			knownRegions = (
				en,
				Base,
			);
			mainGroup = FCF6370126BB12670021EFB9;
			productRefGroup = FCF6370B26BB12670021EFB9 /* Products */;
			projectDirPath = "";
			projectRoot = "";
			targets = (
				FCF6370926BB12670021EFB9 /* ClusterDecoders */,
			);
		};
/* End PBXProject section */

/* Begin PBXSourcesBuildPhase section */
		FCF6370626BB12670021EFB9 /* Sources */ = {
			isa = PBXSourcesBuildPhase;
			buildActionMask = 2147483647;
			files = (
				5277B16627824B4000EED4FE /* clustering_helper_naive.cpp in Sources */,
				FC627FA127289E5A00DC6430 /* random_ca_sim.cpp in Sources */,
				FC4970F326D318F9000724A3 /* thermal_bias_sim.cpp in Sources */,
				FCDEDF0326D99B6400FD1764 /* ca_sim.cpp in Sources */,
				5238045B2758328400E73822 /* thermal_sublattice.cpp in Sources */,
				FC627FA62730895D00DC6430 /* thermal_finite_sim.cpp in Sources */,
				FCF6370E26BB12670021EFB9 /* main.cpp in Sources */,
				FC627FAA2730A6C800DC6430 /* thermal_finite_stabilizers.cpp in Sources */,
				FCDBEB5626BB334400C5A695 /* clustering_helper.cpp in Sources */,
				FC4970EF26D2E0AF000724A3 /* random_discrete_array.cpp in Sources */,
				FC4970EB26CB063A000724A3 /* bias_correction_helper.cpp in Sources */,
				FCF6371C26BB14DA0021EFB9 /* stabilizer_lattice.cpp in Sources */,
				5277B1692784ED6000EED4FE /* exact_decoder.cpp in Sources */,
				FCF6371726BB13A30021EFB9 /* cluster_decoder.cpp in Sources */,
				FC81C4AF26C6EA1C00701D8E /* threshold_sim.cpp in Sources */,
				5238045E275832A900E73822 /* thermal_bias_sim_full.cpp in Sources */,
				5277B16F2784EDDE00EED4FE /* gaussian_elimination.cpp in Sources */,
				5277B16C2784ED7700EED4FE /* sierpinski_sublattice.cpp in Sources */,
			);
			runOnlyForDeploymentPostprocessing = 0;
		};
/* End PBXSourcesBuildPhase section */

/* Begin XCBuildConfiguration section */
		FCF6370F26BB12670021EFB9 /* Debug */ = {
			isa = XCBuildConfiguration;
			buildSettings = {
				ALWAYS_SEARCH_USER_PATHS = NO;
				CLANG_ANALYZER_NONNULL = YES;
				CLANG_ANALYZER_NUMBER_OBJECT_CONVERSION = YES_AGGRESSIVE;
				CLANG_CXX_LANGUAGE_STANDARD = "gnu++14";
				CLANG_CXX_LIBRARY = "libc++";
				CLANG_ENABLE_MODULES = YES;
				CLANG_ENABLE_OBJC_ARC = YES;
				CLANG_ENABLE_OBJC_WEAK = YES;
				CLANG_WARN_BLOCK_CAPTURE_AUTORELEASING = YES;
				CLANG_WARN_BOOL_CONVERSION = YES;
				CLANG_WARN_COMMA = YES;
				CLANG_WARN_CONSTANT_CONVERSION = YES;
				CLANG_WARN_DEPRECATED_OBJC_IMPLEMENTATIONS = YES;
				CLANG_WARN_DIRECT_OBJC_ISA_USAGE = YES_ERROR;
				CLANG_WARN_DOCUMENTATION_COMMENTS = YES;
				CLANG_WARN_EMPTY_BODY = YES;
				CLANG_WARN_ENUM_CONVERSION = YES;
				CLANG_WARN_INFINITE_RECURSION = YES;
				CLANG_WARN_INT_CONVERSION = YES;
				CLANG_WARN_NON_LITERAL_NULL_CONVERSION = YES;
				CLANG_WARN_OBJC_IMPLICIT_RETAIN_SELF = YES;
				CLANG_WARN_OBJC_LITERAL_CONVERSION = YES;
				CLANG_WARN_OBJC_ROOT_CLASS = YES_ERROR;
				CLANG_WARN_QUOTED_INCLUDE_IN_FRAMEWORK_HEADER = YES;
				CLANG_WARN_RANGE_LOOP_ANALYSIS = YES;
				CLANG_WARN_STRICT_PROTOTYPES = YES;
				CLANG_WARN_SUSPICIOUS_MOVE = YES;
				CLANG_WARN_UNGUARDED_AVAILABILITY = YES_AGGRESSIVE;
				CLANG_WARN_UNREACHABLE_CODE = YES;
				CLANG_WARN__DUPLICATE_METHOD_MATCH = YES;
				COPY_PHASE_STRIP = NO;
				DEBUG_INFORMATION_FORMAT = dwarf;
				ENABLE_STRICT_OBJC_MSGSEND = YES;
				ENABLE_TESTABILITY = YES;
				GCC_C_LANGUAGE_STANDARD = gnu11;
				GCC_DYNAMIC_NO_PIC = NO;
				GCC_NO_COMMON_BLOCKS = YES;
				GCC_OPTIMIZATION_LEVEL = 3;
				GCC_PREPROCESSOR_DEFINITIONS = (
					"DEBUG=1",
					"$(inherited)",
				);
				GCC_WARN_64_TO_32_BIT_CONVERSION = YES;
				GCC_WARN_ABOUT_RETURN_TYPE = YES_ERROR;
				GCC_WARN_UNDECLARED_SELECTOR = YES;
				GCC_WARN_UNINITIALIZED_AUTOS = YES_AGGRESSIVE;
				GCC_WARN_UNUSED_FUNCTION = YES;
				GCC_WARN_UNUSED_VARIABLE = YES;
				MACOSX_DEPLOYMENT_TARGET = 10.15;
				MTL_ENABLE_DEBUG_INFO = INCLUDE_SOURCE;
				MTL_FAST_MATH = YES;
				ONLY_ACTIVE_ARCH = YES;
				SDKROOT = macosx;
			};
			name = Debug;
		};
		FCF6371026BB12670021EFB9 /* Release */ = {
			isa = XCBuildConfiguration;
			buildSettings = {
				ALWAYS_SEARCH_USER_PATHS = NO;
				CLANG_ANALYZER_NONNULL = YES;
				CLANG_ANALYZER_NUMBER_OBJECT_CONVERSION = YES_AGGRESSIVE;
				CLANG_CXX_LANGUAGE_STANDARD = "gnu++14";
				CLANG_CXX_LIBRARY = "libc++";
				CLANG_ENABLE_MODULES = YES;
				CLANG_ENABLE_OBJC_ARC = YES;
				CLANG_ENABLE_OBJC_WEAK = YES;
				CLANG_WARN_BLOCK_CAPTURE_AUTORELEASING = YES;
				CLANG_WARN_BOOL_CONVERSION = YES;
				CLANG_WARN_COMMA = YES;
				CLANG_WARN_CONSTANT_CONVERSION = YES;
				CLANG_WARN_DEPRECATED_OBJC_IMPLEMENTATIONS = YES;
				CLANG_WARN_DIRECT_OBJC_ISA_USAGE = YES_ERROR;
				CLANG_WARN_DOCUMENTATION_COMMENTS = YES;
				CLANG_WARN_EMPTY_BODY = YES;
				CLANG_WARN_ENUM_CONVERSION = YES;
				CLANG_WARN_INFINITE_RECURSION = YES;
				CLANG_WARN_INT_CONVERSION = YES;
				CLANG_WARN_NON_LITERAL_NULL_CONVERSION = YES;
				CLANG_WARN_OBJC_IMPLICIT_RETAIN_SELF = YES;
				CLANG_WARN_OBJC_LITERAL_CONVERSION = YES;
				CLANG_WARN_OBJC_ROOT_CLASS = YES_ERROR;
				CLANG_WARN_QUOTED_INCLUDE_IN_FRAMEWORK_HEADER = YES;
				CLANG_WARN_RANGE_LOOP_ANALYSIS = YES;
				CLANG_WARN_STRICT_PROTOTYPES = YES;
				CLANG_WARN_SUSPICIOUS_MOVE = YES;
				CLANG_WARN_UNGUARDED_AVAILABILITY = YES_AGGRESSIVE;
				CLANG_WARN_UNREACHABLE_CODE = YES;
				CLANG_WARN__DUPLICATE_METHOD_MATCH = YES;
				COPY_PHASE_STRIP = NO;
				DEBUG_INFORMATION_FORMAT = "dwarf-with-dsym";
				ENABLE_NS_ASSERTIONS = NO;
				ENABLE_STRICT_OBJC_MSGSEND = YES;
				GCC_C_LANGUAGE_STANDARD = gnu11;
				GCC_NO_COMMON_BLOCKS = YES;
				GCC_OPTIMIZATION_LEVEL = 3;
				GCC_WARN_64_TO_32_BIT_CONVERSION = YES;
				GCC_WARN_ABOUT_RETURN_TYPE = YES_ERROR;
				GCC_WARN_UNDECLARED_SELECTOR = YES;
				GCC_WARN_UNINITIALIZED_AUTOS = YES_AGGRESSIVE;
				GCC_WARN_UNUSED_FUNCTION = YES;
				GCC_WARN_UNUSED_VARIABLE = YES;
				MACOSX_DEPLOYMENT_TARGET = 10.15;
				MTL_ENABLE_DEBUG_INFO = NO;
				MTL_FAST_MATH = YES;
				SDKROOT = macosx;
			};
			name = Release;
		};
		FCF6371226BB12670021EFB9 /* Debug */ = {
			isa = XCBuildConfiguration;
			buildSettings = {
				CODE_SIGN_STYLE = Automatic;
				GCC_OPTIMIZATION_LEVEL = 3;
				"HEADER_SEARCH_PATHS[arch=*]" = /opt/homebrew/Cellar/boost/1.76.0/include;
				PRODUCT_NAME = "$(TARGET_NAME)";
			};
			name = Debug;
		};
		FCF6371326BB12670021EFB9 /* Release */ = {
			isa = XCBuildConfiguration;
			buildSettings = {
				CODE_SIGN_STYLE = Automatic;
				GCC_OPTIMIZATION_LEVEL = 3;
				"HEADER_SEARCH_PATHS[arch=*]" = /opt/homebrew/Cellar/boost/1.76.0/include;
				PRODUCT_NAME = "$(TARGET_NAME)";
			};
			name = Release;
		};
/* End XCBuildConfiguration section */

/* Begin XCConfigurationList section */
		FCF6370526BB12670021EFB9 /* Build configuration list for PBXProject "ClusterDecoders" */ = {
			isa = XCConfigurationList;
			buildConfigurations = (
				FCF6370F26BB12670021EFB9 /* Debug */,
				FCF6371026BB12670021EFB9 /* Release */,
			);
			defaultConfigurationIsVisible = 0;
			defaultConfigurationName = Release;
		};
		FCF6371126BB12670021EFB9 /* Build configuration list for PBXNativeTarget "ClusterDecoders" */ = {
			isa = XCConfigurationList;
			buildConfigurations = (
				FCF6371226BB12670021EFB9 /* Debug */,
				FCF6371326BB12670021EFB9 /* Release */,
			);
			defaultConfigurationIsVisible = 0;
			defaultConfigurationName = Release;
		};
/* End XCConfigurationList section */
	};
	rootObject = FCF6370226BB12670021EFB9 /* Project object */;
}
